
Microsoft Visual Studio Solution File, Format Version 12.00
# Visual Studio Version 17
VisualStudioVersion = 17.7.34009.444
MinimumVisualStudioVersion = 10.0.40219.1
Project("{9A19103F-16F7-4668-BE54-9A1E7A4F7556}") = "AJS.DVDCentral.BL.Models", "AJS.DVDCentral.BL.Models\AJS.DVDCentral.BL.Models.csproj", "{1DCDEDA9-EEE4-48FA-81CD-A7F9CF598969}"
EndProject
Project("{00D1A9C2-B5F0-4AF3-8072-F6C62B433612}") = "AJS.DVDCentral.DB", "AJS.DVDCentral.DB\AJS.DVDCentral.DB.sqlproj", "{54D3D3E2-74EE-4889-8597-0DD38B834462}"
EndProject
Project("{9A19103F-16F7-4668-BE54-9A1E7A4F7556}") = "AJS.DVDCentral.PL", "AJS.DVDCentral.PL\AJS.DVDCentral.PL.csproj", "{5183C91A-FC39-4388-9C1E-9A683CD41875}"
EndProject
Project("{9A19103F-16F7-4668-BE54-9A1E7A4F7556}") = "AJS.DVDCentral.BL", "AJS.DVDCentral.BL\AJS.DVDCentral.BL.csproj", "{93EA623C-B589-48BE-B252-A657316273F7}"
EndProject
Project("{9A19103F-16F7-4668-BE54-9A1E7A4F7556}") = "AJS.DVDCentral.PL.Test", "AJS.DVDCentral.PL.Test\AJS.DVDCentral.PL.Test.csproj", "{EB712511-58F6-477C-AA9F-8A32198CA292}"
EndProject
Project("{9A19103F-16F7-4668-BE54-9A1E7A4F7556}") = "AJS.DVDCentral.BL.Test", "AJS.DVDCentral.BL.Test\AJS.DVDCentral.BL.Test.csproj", "{9875FB96-5A89-46E7-A48A-4BD11A88159E}"
EndProject
Project("{2150E333-8FDC-42A3-9474-1A3956D46DE8}") = "Solution Items", "Solution Items", "{F107638A-1442-4462-A3C8-93E4BCC0882E}"
	ProjectSection(SolutionItems) = preProject
		TextFile1.txt = TextFile1.txt
		TextFile2.txt = TextFile2.txt
	EndProjectSection
EndProject
Project("{9A19103F-16F7-4668-BE54-9A1E7A4F7556}") = "AJS.DVDCentral.UI", "AJS.DVDCentral.UI\AJS.DVDCentral.UI.csproj", "{7F523C6A-5D14-4894-A7BC-F940907CDDBE}"
EndProject
Project("{9A19103F-16F7-4668-BE54-9A1E7A4F7556}") = "AJS.DVDCentral.API", "AJS.DVDCentral.API\AJS.DVDCentral.API.csproj", "{0D8AF7EA-7D43-4C57-B3F1-CEE755327672}"
EndProject
Project("{9A19103F-16F7-4668-BE54-9A1E7A4F7556}") = "AJS.DVDCentral.PL2", "AJS.DVDCentral.PL2\AJS.DVDCentral.PL2.csproj", "{B45731EC-94A5-48B6-8606-44BD79691025}"
EndProject
Project("{9A19103F-16F7-4668-BE54-9A1E7A4F7556}") = "AJS.DVDCentral.MigrationHandler", "AJS.DVDCentral.MigrationHandler\AJS.DVDCentral.MigrationHandler.csproj", "{075388AF-23FE-4C6E-A087-1B0DEF747174}"
EndProject
Project("{9A19103F-16F7-4668-BE54-9A1E7A4F7556}") = "AJS.DVDCentral.WPFUI", "AJS.DVDCentral.WPFUI\AJS.DVDCentral.WPFUI.csproj", "{88E0CE83-44A0-4A48-876E-BD8B5F9AA7BB}"
EndProject
Project("{9A19103F-16F7-4668-BE54-9A1E7A4F7556}") = "AJS.DVDCentral.ConsoleApp", "AJS.DVDCentral.ConsoleApp\AJS.DVDCentral.ConsoleApp.csproj", "{3FD28C90-79B7-44DE-8920-1466FB8A54AF}"
EndProject
Project("{9A19103F-16F7-4668-BE54-9A1E7A4F7556}") = "AJS.DVDCentral.API.Test", "AJS.DVDCentral.API.Test\AJS.DVDCentral.API.Test.csproj", "{16B302B5-401A-4712-B61F-29BB8A9D0B60}"
EndProject
Project("{9A19103F-16F7-4668-BE54-9A1E7A4F7556}") = "BDF.Bingo.UI", "BDF.Bingo.UI\BDF.Bingo.UI\BDF.Bingo.UI.csproj", "{D578D5B5-5650-4043-B937-A485E2808821}"
EndProject
Project("{9A19103F-16F7-4668-BE54-9A1E7A4F7556}") = "AJS.WebApp.UI", "AJS.WebApp.UI\AJS.WebApp.UI.csproj", "{F6B4A053-A4C5-44EA-AB12-8A3C941D25BA}"
EndProject
Project("{9A19103F-16F7-4668-BE54-9A1E7A4F7556}") = "BDF.Utility", "BDF.Utility\BDF.Utility\BDF.Utility.csproj", "{F9BA0773-8BAB-4C45-AF93-EA3E7F6BE92E}"
EndProject
Project("{9A19103F-16F7-4668-BE54-9A1E7A4F7556}") = "AJS.Reporting", "AJS.Reporting\AJS.Reporting.csproj", "{101F0701-519E-4527-BC67-D8D15F2928B1}"
EndProject
Project("{9A19103F-16F7-4668-BE54-9A1E7A4F7556}") = "AJS.DVDCentral.MAUI", "AJS.DVDCentral.MAUI\AJS.DVDCentral.MAUI.csproj", "{54897718-8ABF-463C-88F3-9C15764BFDFB}"
EndProject
Project("{9A19103F-16F7-4668-BE54-9A1E7A4F7556}") = "AJS.DVDCentral.Blazor", "AJS.DVDCentral.Blazor\AJS.DVDCentral.Blazor.csproj", "{38FF97C9-0192-4D6A-8E8F-1EAA05C97233}"
EndProject
Project("{FAE04EC0-301F-11D3-BF4B-00C04F79EFBC}") = "AJS.DVDCentral.UWP", "AJS.DVDCentral.UWP\AJS.DVDCentral.UWP.csproj", "{7BB8345D-1606-4A3C-87F0-BD46011D0757}"
EndProject
Project("{FAE04EC0-301F-11D3-BF4B-00C04F79EFBC}") = "UWPClassLibrary", "ClassLibrary1\UWPClassLibrary.csproj", "{E96BC786-9248-4E3C-8163-FCB16467842F}"
EndProject
Project("{9A19103F-16F7-4668-BE54-9A1E7A4F7556}") = "AJS.DVDCentral.AzFunctions", "AJS.DVDCentral.AzFunctions\AJS.DVDCentral.AzFunctions.csproj", "{6CBE9340-A8B7-4B65-879C-B00DDD843921}"
EndProject
Project("{9A19103F-16F7-4668-BE54-9A1E7A4F7556}") = "WebAPIToken", "WebAPIToken\WebAPIToken.csproj", "{B64632B9-AB7F-4D4E-A192-8FEE90065F20}"
EndProject
Project("{9A19103F-16F7-4668-BE54-9A1E7A4F7556}") = "AJS.DVDCentral.PWANEW", "AJS.DVDCentral.PWANEW\AJS.DVDCentral.PWANEW.csproj", "{B233A9E2-B990-489F-A0F6-62A224A3CBF6}"
EndProject
Project("{2150E333-8FDC-42A3-9474-1A3956D46DE8}") = "Tests", "Tests", "{8611685C-DAD7-4CA9-8301-91A6F051C37F}"
EndProject
Global
	GlobalSection(SolutionConfigurationPlatforms) = preSolution
		Debug|Any CPU = Debug|Any CPU
		Debug|ARM = Debug|ARM
		Debug|ARM64 = Debug|ARM64
		Debug|x64 = Debug|x64
		Debug|x86 = Debug|x86
		Release|Any CPU = Release|Any CPU
		Release|ARM = Release|ARM
		Release|ARM64 = Release|ARM64
		Release|x64 = Release|x64
		Release|x86 = Release|x86
	EndGlobalSection
	GlobalSection(ProjectConfigurationPlatforms) = postSolution
		{1DCDEDA9-EEE4-48FA-81CD-A7F9CF598969}.Debug|Any CPU.ActiveCfg = Debug|Any CPU
		{1DCDEDA9-EEE4-48FA-81CD-A7F9CF598969}.Debug|Any CPU.Build.0 = Debug|Any CPU
		{1DCDEDA9-EEE4-48FA-81CD-A7F9CF598969}.Debug|ARM.ActiveCfg = Debug|Any CPU
		{1DCDEDA9-EEE4-48FA-81CD-A7F9CF598969}.Debug|ARM.Build.0 = Debug|Any CPU
		{1DCDEDA9-EEE4-48FA-81CD-A7F9CF598969}.Debug|ARM64.ActiveCfg = Debug|Any CPU
		{1DCDEDA9-EEE4-48FA-81CD-A7F9CF598969}.Debug|ARM64.Build.0 = Debug|Any CPU
		{1DCDEDA9-EEE4-48FA-81CD-A7F9CF598969}.Debug|x64.ActiveCfg = Debug|Any CPU
		{1DCDEDA9-EEE4-48FA-81CD-A7F9CF598969}.Debug|x64.Build.0 = Debug|Any CPU
		{1DCDEDA9-EEE4-48FA-81CD-A7F9CF598969}.Debug|x86.ActiveCfg = Debug|Any CPU
		{1DCDEDA9-EEE4-48FA-81CD-A7F9CF598969}.Debug|x86.Build.0 = Debug|Any CPU
		{1DCDEDA9-EEE4-48FA-81CD-A7F9CF598969}.Release|Any CPU.ActiveCfg = Release|Any CPU
		{1DCDEDA9-EEE4-48FA-81CD-A7F9CF598969}.Release|Any CPU.Build.0 = Release|Any CPU
		{1DCDEDA9-EEE4-48FA-81CD-A7F9CF598969}.Release|ARM.ActiveCfg = Release|Any CPU
		{1DCDEDA9-EEE4-48FA-81CD-A7F9CF598969}.Release|ARM.Build.0 = Release|Any CPU
		{1DCDEDA9-EEE4-48FA-81CD-A7F9CF598969}.Release|ARM64.ActiveCfg = Release|Any CPU
		{1DCDEDA9-EEE4-48FA-81CD-A7F9CF598969}.Release|ARM64.Build.0 = Release|Any CPU
		{1DCDEDA9-EEE4-48FA-81CD-A7F9CF598969}.Release|x64.ActiveCfg = Release|Any CPU
		{1DCDEDA9-EEE4-48FA-81CD-A7F9CF598969}.Release|x64.Build.0 = Release|Any CPU
		{1DCDEDA9-EEE4-48FA-81CD-A7F9CF598969}.Release|x86.ActiveCfg = Release|Any CPU
		{1DCDEDA9-EEE4-48FA-81CD-A7F9CF598969}.Release|x86.Build.0 = Release|Any CPU
		{54D3D3E2-74EE-4889-8597-0DD38B834462}.Debug|Any CPU.ActiveCfg = Debug|Any CPU
		{54D3D3E2-74EE-4889-8597-0DD38B834462}.Debug|Any CPU.Build.0 = Debug|Any CPU
		{54D3D3E2-74EE-4889-8597-0DD38B834462}.Debug|Any CPU.Deploy.0 = Debug|Any CPU
		{54D3D3E2-74EE-4889-8597-0DD38B834462}.Debug|ARM.ActiveCfg = Debug|Any CPU
		{54D3D3E2-74EE-4889-8597-0DD38B834462}.Debug|ARM.Build.0 = Debug|Any CPU
		{54D3D3E2-74EE-4889-8597-0DD38B834462}.Debug|ARM.Deploy.0 = Debug|Any CPU
		{54D3D3E2-74EE-4889-8597-0DD38B834462}.Debug|ARM64.ActiveCfg = Debug|Any CPU
		{54D3D3E2-74EE-4889-8597-0DD38B834462}.Debug|ARM64.Build.0 = Debug|Any CPU
		{54D3D3E2-74EE-4889-8597-0DD38B834462}.Debug|ARM64.Deploy.0 = Debug|Any CPU
		{54D3D3E2-74EE-4889-8597-0DD38B834462}.Debug|x64.ActiveCfg = Debug|Any CPU
		{54D3D3E2-74EE-4889-8597-0DD38B834462}.Debug|x64.Build.0 = Debug|Any CPU
		{54D3D3E2-74EE-4889-8597-0DD38B834462}.Debug|x64.Deploy.0 = Debug|Any CPU
		{54D3D3E2-74EE-4889-8597-0DD38B834462}.Debug|x86.ActiveCfg = Debug|Any CPU
		{54D3D3E2-74EE-4889-8597-0DD38B834462}.Debug|x86.Build.0 = Debug|Any CPU
		{54D3D3E2-74EE-4889-8597-0DD38B834462}.Debug|x86.Deploy.0 = Debug|Any CPU
		{54D3D3E2-74EE-4889-8597-0DD38B834462}.Release|Any CPU.ActiveCfg = Release|Any CPU
		{54D3D3E2-74EE-4889-8597-0DD38B834462}.Release|Any CPU.Build.0 = Release|Any CPU
		{54D3D3E2-74EE-4889-8597-0DD38B834462}.Release|Any CPU.Deploy.0 = Release|Any CPU
		{54D3D3E2-74EE-4889-8597-0DD38B834462}.Release|ARM.ActiveCfg = Release|Any CPU
		{54D3D3E2-74EE-4889-8597-0DD38B834462}.Release|ARM.Build.0 = Release|Any CPU
		{54D3D3E2-74EE-4889-8597-0DD38B834462}.Release|ARM.Deploy.0 = Release|Any CPU
		{54D3D3E2-74EE-4889-8597-0DD38B834462}.Release|ARM64.ActiveCfg = Release|Any CPU
		{54D3D3E2-74EE-4889-8597-0DD38B834462}.Release|ARM64.Build.0 = Release|Any CPU
		{54D3D3E2-74EE-4889-8597-0DD38B834462}.Release|ARM64.Deploy.0 = Release|Any CPU
		{54D3D3E2-74EE-4889-8597-0DD38B834462}.Release|x64.ActiveCfg = Release|Any CPU
		{54D3D3E2-74EE-4889-8597-0DD38B834462}.Release|x64.Build.0 = Release|Any CPU
		{54D3D3E2-74EE-4889-8597-0DD38B834462}.Release|x64.Deploy.0 = Release|Any CPU
		{54D3D3E2-74EE-4889-8597-0DD38B834462}.Release|x86.ActiveCfg = Release|Any CPU
		{54D3D3E2-74EE-4889-8597-0DD38B834462}.Release|x86.Build.0 = Release|Any CPU
		{54D3D3E2-74EE-4889-8597-0DD38B834462}.Release|x86.Deploy.0 = Release|Any CPU
		{5183C91A-FC39-4388-9C1E-9A683CD41875}.Debug|Any CPU.ActiveCfg = Debug|Any CPU
		{5183C91A-FC39-4388-9C1E-9A683CD41875}.Debug|Any CPU.Build.0 = Debug|Any CPU
		{5183C91A-FC39-4388-9C1E-9A683CD41875}.Debug|ARM.ActiveCfg = Debug|Any CPU
		{5183C91A-FC39-4388-9C1E-9A683CD41875}.Debug|ARM.Build.0 = Debug|Any CPU
		{5183C91A-FC39-4388-9C1E-9A683CD41875}.Debug|ARM64.ActiveCfg = Debug|Any CPU
		{5183C91A-FC39-4388-9C1E-9A683CD41875}.Debug|ARM64.Build.0 = Debug|Any CPU
		{5183C91A-FC39-4388-9C1E-9A683CD41875}.Debug|x64.ActiveCfg = Debug|Any CPU
		{5183C91A-FC39-4388-9C1E-9A683CD41875}.Debug|x64.Build.0 = Debug|Any CPU
		{5183C91A-FC39-4388-9C1E-9A683CD41875}.Debug|x86.ActiveCfg = Debug|Any CPU
		{5183C91A-FC39-4388-9C1E-9A683CD41875}.Debug|x86.Build.0 = Debug|Any CPU
		{5183C91A-FC39-4388-9C1E-9A683CD41875}.Release|Any CPU.ActiveCfg = Release|Any CPU
		{5183C91A-FC39-4388-9C1E-9A683CD41875}.Release|Any CPU.Build.0 = Release|Any CPU
		{5183C91A-FC39-4388-9C1E-9A683CD41875}.Release|ARM.ActiveCfg = Release|Any CPU
		{5183C91A-FC39-4388-9C1E-9A683CD41875}.Release|ARM.Build.0 = Release|Any CPU
		{5183C91A-FC39-4388-9C1E-9A683CD41875}.Release|ARM64.ActiveCfg = Release|Any CPU
		{5183C91A-FC39-4388-9C1E-9A683CD41875}.Release|ARM64.Build.0 = Release|Any CPU
		{5183C91A-FC39-4388-9C1E-9A683CD41875}.Release|x64.ActiveCfg = Release|Any CPU
		{5183C91A-FC39-4388-9C1E-9A683CD41875}.Release|x64.Build.0 = Release|Any CPU
		{5183C91A-FC39-4388-9C1E-9A683CD41875}.Release|x86.ActiveCfg = Release|Any CPU
		{5183C91A-FC39-4388-9C1E-9A683CD41875}.Release|x86.Build.0 = Release|Any CPU
		{93EA623C-B589-48BE-B252-A657316273F7}.Debug|Any CPU.ActiveCfg = Debug|Any CPU
		{93EA623C-B589-48BE-B252-A657316273F7}.Debug|Any CPU.Build.0 = Debug|Any CPU
		{93EA623C-B589-48BE-B252-A657316273F7}.Debug|ARM.ActiveCfg = Debug|Any CPU
		{93EA623C-B589-48BE-B252-A657316273F7}.Debug|ARM.Build.0 = Debug|Any CPU
		{93EA623C-B589-48BE-B252-A657316273F7}.Debug|ARM64.ActiveCfg = Debug|Any CPU
		{93EA623C-B589-48BE-B252-A657316273F7}.Debug|ARM64.Build.0 = Debug|Any CPU
		{93EA623C-B589-48BE-B252-A657316273F7}.Debug|x64.ActiveCfg = Debug|Any CPU
		{93EA623C-B589-48BE-B252-A657316273F7}.Debug|x64.Build.0 = Debug|Any CPU
		{93EA623C-B589-48BE-B252-A657316273F7}.Debug|x86.ActiveCfg = Debug|Any CPU
		{93EA623C-B589-48BE-B252-A657316273F7}.Debug|x86.Build.0 = Debug|Any CPU
		{93EA623C-B589-48BE-B252-A657316273F7}.Release|Any CPU.ActiveCfg = Release|Any CPU
		{93EA623C-B589-48BE-B252-A657316273F7}.Release|Any CPU.Build.0 = Release|Any CPU
		{93EA623C-B589-48BE-B252-A657316273F7}.Release|ARM.ActiveCfg = Release|Any CPU
		{93EA623C-B589-48BE-B252-A657316273F7}.Release|ARM.Build.0 = Release|Any CPU
		{93EA623C-B589-48BE-B252-A657316273F7}.Release|ARM64.ActiveCfg = Release|Any CPU
		{93EA623C-B589-48BE-B252-A657316273F7}.Release|ARM64.Build.0 = Release|Any CPU
		{93EA623C-B589-48BE-B252-A657316273F7}.Release|x64.ActiveCfg = Release|Any CPU
		{93EA623C-B589-48BE-B252-A657316273F7}.Release|x64.Build.0 = Release|Any CPU
		{93EA623C-B589-48BE-B252-A657316273F7}.Release|x86.ActiveCfg = Release|Any CPU
		{93EA623C-B589-48BE-B252-A657316273F7}.Release|x86.Build.0 = Release|Any CPU
		{EB712511-58F6-477C-AA9F-8A32198CA292}.Debug|Any CPU.ActiveCfg = Debug|Any CPU
		{EB712511-58F6-477C-AA9F-8A32198CA292}.Debug|Any CPU.Build.0 = Debug|Any CPU
		{EB712511-58F6-477C-AA9F-8A32198CA292}.Debug|ARM.ActiveCfg = Debug|Any CPU
		{EB712511-58F6-477C-AA9F-8A32198CA292}.Debug|ARM.Build.0 = Debug|Any CPU
		{EB712511-58F6-477C-AA9F-8A32198CA292}.Debug|ARM64.ActiveCfg = Debug|Any CPU
		{EB712511-58F6-477C-AA9F-8A32198CA292}.Debug|ARM64.Build.0 = Debug|Any CPU
		{EB712511-58F6-477C-AA9F-8A32198CA292}.Debug|x64.ActiveCfg = Debug|Any CPU
		{EB712511-58F6-477C-AA9F-8A32198CA292}.Debug|x64.Build.0 = Debug|Any CPU
		{EB712511-58F6-477C-AA9F-8A32198CA292}.Debug|x86.ActiveCfg = Debug|Any CPU
		{EB712511-58F6-477C-AA9F-8A32198CA292}.Debug|x86.Build.0 = Debug|Any CPU
		{EB712511-58F6-477C-AA9F-8A32198CA292}.Release|Any CPU.ActiveCfg = Release|Any CPU
		{EB712511-58F6-477C-AA9F-8A32198CA292}.Release|Any CPU.Build.0 = Release|Any CPU
		{EB712511-58F6-477C-AA9F-8A32198CA292}.Release|ARM.ActiveCfg = Release|Any CPU
		{EB712511-58F6-477C-AA9F-8A32198CA292}.Release|ARM.Build.0 = Release|Any CPU
		{EB712511-58F6-477C-AA9F-8A32198CA292}.Release|ARM64.ActiveCfg = Release|Any CPU
		{EB712511-58F6-477C-AA9F-8A32198CA292}.Release|ARM64.Build.0 = Release|Any CPU
		{EB712511-58F6-477C-AA9F-8A32198CA292}.Release|x64.ActiveCfg = Release|Any CPU
		{EB712511-58F6-477C-AA9F-8A32198CA292}.Release|x64.Build.0 = Release|Any CPU
		{EB712511-58F6-477C-AA9F-8A32198CA292}.Release|x86.ActiveCfg = Release|Any CPU
		{EB712511-58F6-477C-AA9F-8A32198CA292}.Release|x86.Build.0 = Release|Any CPU
		{9875FB96-5A89-46E7-A48A-4BD11A88159E}.Debug|Any CPU.ActiveCfg = Debug|Any CPU
		{9875FB96-5A89-46E7-A48A-4BD11A88159E}.Debug|Any CPU.Build.0 = Debug|Any CPU
		{9875FB96-5A89-46E7-A48A-4BD11A88159E}.Debug|ARM.ActiveCfg = Debug|Any CPU
		{9875FB96-5A89-46E7-A48A-4BD11A88159E}.Debug|ARM.Build.0 = Debug|Any CPU
		{9875FB96-5A89-46E7-A48A-4BD11A88159E}.Debug|ARM64.ActiveCfg = Debug|Any CPU
		{9875FB96-5A89-46E7-A48A-4BD11A88159E}.Debug|ARM64.Build.0 = Debug|Any CPU
		{9875FB96-5A89-46E7-A48A-4BD11A88159E}.Debug|x64.ActiveCfg = Debug|Any CPU
		{9875FB96-5A89-46E7-A48A-4BD11A88159E}.Debug|x64.Build.0 = Debug|Any CPU
		{9875FB96-5A89-46E7-A48A-4BD11A88159E}.Debug|x86.ActiveCfg = Debug|Any CPU
		{9875FB96-5A89-46E7-A48A-4BD11A88159E}.Debug|x86.Build.0 = Debug|Any CPU
		{9875FB96-5A89-46E7-A48A-4BD11A88159E}.Release|Any CPU.ActiveCfg = Release|Any CPU
		{9875FB96-5A89-46E7-A48A-4BD11A88159E}.Release|Any CPU.Build.0 = Release|Any CPU
		{9875FB96-5A89-46E7-A48A-4BD11A88159E}.Release|ARM.ActiveCfg = Release|Any CPU
		{9875FB96-5A89-46E7-A48A-4BD11A88159E}.Release|ARM.Build.0 = Release|Any CPU
		{9875FB96-5A89-46E7-A48A-4BD11A88159E}.Release|ARM64.ActiveCfg = Release|Any CPU
		{9875FB96-5A89-46E7-A48A-4BD11A88159E}.Release|ARM64.Build.0 = Release|Any CPU
		{9875FB96-5A89-46E7-A48A-4BD11A88159E}.Release|x64.ActiveCfg = Release|Any CPU
		{9875FB96-5A89-46E7-A48A-4BD11A88159E}.Release|x64.Build.0 = Release|Any CPU
		{9875FB96-5A89-46E7-A48A-4BD11A88159E}.Release|x86.ActiveCfg = Release|Any CPU
		{9875FB96-5A89-46E7-A48A-4BD11A88159E}.Release|x86.Build.0 = Release|Any CPU
		{7F523C6A-5D14-4894-A7BC-F940907CDDBE}.Debug|Any CPU.ActiveCfg = Debug|Any CPU
		{7F523C6A-5D14-4894-A7BC-F940907CDDBE}.Debug|ARM.ActiveCfg = Debug|Any CPU
		{7F523C6A-5D14-4894-A7BC-F940907CDDBE}.Debug|ARM.Build.0 = Debug|Any CPU
		{7F523C6A-5D14-4894-A7BC-F940907CDDBE}.Debug|ARM64.ActiveCfg = Debug|Any CPU
		{7F523C6A-5D14-4894-A7BC-F940907CDDBE}.Debug|ARM64.Build.0 = Debug|Any CPU
		{7F523C6A-5D14-4894-A7BC-F940907CDDBE}.Debug|x64.ActiveCfg = Debug|Any CPU
		{7F523C6A-5D14-4894-A7BC-F940907CDDBE}.Debug|x64.Build.0 = Debug|Any CPU
		{7F523C6A-5D14-4894-A7BC-F940907CDDBE}.Debug|x86.ActiveCfg = Debug|Any CPU
		{7F523C6A-5D14-4894-A7BC-F940907CDDBE}.Debug|x86.Build.0 = Debug|Any CPU
		{7F523C6A-5D14-4894-A7BC-F940907CDDBE}.Release|Any CPU.ActiveCfg = Release|Any CPU
		{7F523C6A-5D14-4894-A7BC-F940907CDDBE}.Release|Any CPU.Build.0 = Release|Any CPU
		{7F523C6A-5D14-4894-A7BC-F940907CDDBE}.Release|ARM.ActiveCfg = Release|Any CPU
		{7F523C6A-5D14-4894-A7BC-F940907CDDBE}.Release|ARM.Build.0 = Release|Any CPU
		{7F523C6A-5D14-4894-A7BC-F940907CDDBE}.Release|ARM64.ActiveCfg = Release|Any CPU
		{7F523C6A-5D14-4894-A7BC-F940907CDDBE}.Release|ARM64.Build.0 = Release|Any CPU
		{7F523C6A-5D14-4894-A7BC-F940907CDDBE}.Release|x64.ActiveCfg = Release|Any CPU
		{7F523C6A-5D14-4894-A7BC-F940907CDDBE}.Release|x64.Build.0 = Release|Any CPU
		{7F523C6A-5D14-4894-A7BC-F940907CDDBE}.Release|x86.ActiveCfg = Release|Any CPU
		{7F523C6A-5D14-4894-A7BC-F940907CDDBE}.Release|x86.Build.0 = Release|Any CPU
		{0D8AF7EA-7D43-4C57-B3F1-CEE755327672}.Debug|Any CPU.ActiveCfg = Debug|Any CPU
		{0D8AF7EA-7D43-4C57-B3F1-CEE755327672}.Debug|ARM.ActiveCfg = Debug|Any CPU
		{0D8AF7EA-7D43-4C57-B3F1-CEE755327672}.Debug|ARM.Build.0 = Debug|Any CPU
		{0D8AF7EA-7D43-4C57-B3F1-CEE755327672}.Debug|ARM64.ActiveCfg = Debug|Any CPU
		{0D8AF7EA-7D43-4C57-B3F1-CEE755327672}.Debug|ARM64.Build.0 = Debug|Any CPU
		{0D8AF7EA-7D43-4C57-B3F1-CEE755327672}.Debug|x64.ActiveCfg = Debug|Any CPU
		{0D8AF7EA-7D43-4C57-B3F1-CEE755327672}.Debug|x64.Build.0 = Debug|Any CPU
		{0D8AF7EA-7D43-4C57-B3F1-CEE755327672}.Debug|x86.ActiveCfg = Debug|Any CPU
		{0D8AF7EA-7D43-4C57-B3F1-CEE755327672}.Debug|x86.Build.0 = Debug|Any CPU
		{0D8AF7EA-7D43-4C57-B3F1-CEE755327672}.Release|Any CPU.ActiveCfg = Release|Any CPU
		{0D8AF7EA-7D43-4C57-B3F1-CEE755327672}.Release|Any CPU.Build.0 = Release|Any CPU
		{0D8AF7EA-7D43-4C57-B3F1-CEE755327672}.Release|ARM.ActiveCfg = Release|Any CPU
		{0D8AF7EA-7D43-4C57-B3F1-CEE755327672}.Release|ARM.Build.0 = Release|Any CPU
		{0D8AF7EA-7D43-4C57-B3F1-CEE755327672}.Release|ARM64.ActiveCfg = Release|Any CPU
		{0D8AF7EA-7D43-4C57-B3F1-CEE755327672}.Release|ARM64.Build.0 = Release|Any CPU
		{0D8AF7EA-7D43-4C57-B3F1-CEE755327672}.Release|x64.ActiveCfg = Release|Any CPU
		{0D8AF7EA-7D43-4C57-B3F1-CEE755327672}.Release|x64.Build.0 = Release|Any CPU
		{0D8AF7EA-7D43-4C57-B3F1-CEE755327672}.Release|x86.ActiveCfg = Release|Any CPU
		{0D8AF7EA-7D43-4C57-B3F1-CEE755327672}.Release|x86.Build.0 = Release|Any CPU
		{B45731EC-94A5-48B6-8606-44BD79691025}.Debug|Any CPU.ActiveCfg = Debug|Any CPU
		{B45731EC-94A5-48B6-8606-44BD79691025}.Debug|Any CPU.Build.0 = Debug|Any CPU
		{B45731EC-94A5-48B6-8606-44BD79691025}.Debug|ARM.ActiveCfg = Debug|Any CPU
		{B45731EC-94A5-48B6-8606-44BD79691025}.Debug|ARM.Build.0 = Debug|Any CPU
		{B45731EC-94A5-48B6-8606-44BD79691025}.Debug|ARM64.ActiveCfg = Debug|Any CPU
		{B45731EC-94A5-48B6-8606-44BD79691025}.Debug|ARM64.Build.0 = Debug|Any CPU
		{B45731EC-94A5-48B6-8606-44BD79691025}.Debug|x64.ActiveCfg = Debug|Any CPU
		{B45731EC-94A5-48B6-8606-44BD79691025}.Debug|x64.Build.0 = Debug|Any CPU
		{B45731EC-94A5-48B6-8606-44BD79691025}.Debug|x86.ActiveCfg = Debug|Any CPU
		{B45731EC-94A5-48B6-8606-44BD79691025}.Debug|x86.Build.0 = Debug|Any CPU
		{B45731EC-94A5-48B6-8606-44BD79691025}.Release|Any CPU.ActiveCfg = Release|Any CPU
		{B45731EC-94A5-48B6-8606-44BD79691025}.Release|Any CPU.Build.0 = Release|Any CPU
		{B45731EC-94A5-48B6-8606-44BD79691025}.Release|ARM.ActiveCfg = Release|Any CPU
		{B45731EC-94A5-48B6-8606-44BD79691025}.Release|ARM.Build.0 = Release|Any CPU
		{B45731EC-94A5-48B6-8606-44BD79691025}.Release|ARM64.ActiveCfg = Release|Any CPU
		{B45731EC-94A5-48B6-8606-44BD79691025}.Release|ARM64.Build.0 = Release|Any CPU
		{B45731EC-94A5-48B6-8606-44BD79691025}.Release|x64.ActiveCfg = Release|Any CPU
		{B45731EC-94A5-48B6-8606-44BD79691025}.Release|x64.Build.0 = Release|Any CPU
		{B45731EC-94A5-48B6-8606-44BD79691025}.Release|x86.ActiveCfg = Release|Any CPU
		{B45731EC-94A5-48B6-8606-44BD79691025}.Release|x86.Build.0 = Release|Any CPU
		{075388AF-23FE-4C6E-A087-1B0DEF747174}.Debug|Any CPU.ActiveCfg = Debug|Any CPU
		{075388AF-23FE-4C6E-A087-1B0DEF747174}.Debug|Any CPU.Build.0 = Debug|Any CPU
		{075388AF-23FE-4C6E-A087-1B0DEF747174}.Debug|ARM.ActiveCfg = Debug|Any CPU
		{075388AF-23FE-4C6E-A087-1B0DEF747174}.Debug|ARM.Build.0 = Debug|Any CPU
		{075388AF-23FE-4C6E-A087-1B0DEF747174}.Debug|ARM64.ActiveCfg = Debug|Any CPU
		{075388AF-23FE-4C6E-A087-1B0DEF747174}.Debug|ARM64.Build.0 = Debug|Any CPU
		{075388AF-23FE-4C6E-A087-1B0DEF747174}.Debug|x64.ActiveCfg = Debug|Any CPU
		{075388AF-23FE-4C6E-A087-1B0DEF747174}.Debug|x64.Build.0 = Debug|Any CPU
		{075388AF-23FE-4C6E-A087-1B0DEF747174}.Debug|x86.ActiveCfg = Debug|Any CPU
		{075388AF-23FE-4C6E-A087-1B0DEF747174}.Debug|x86.Build.0 = Debug|Any CPU
		{075388AF-23FE-4C6E-A087-1B0DEF747174}.Release|Any CPU.ActiveCfg = Release|Any CPU
		{075388AF-23FE-4C6E-A087-1B0DEF747174}.Release|Any CPU.Build.0 = Release|Any CPU
		{075388AF-23FE-4C6E-A087-1B0DEF747174}.Release|ARM.ActiveCfg = Release|Any CPU
		{075388AF-23FE-4C6E-A087-1B0DEF747174}.Release|ARM.Build.0 = Release|Any CPU
		{075388AF-23FE-4C6E-A087-1B0DEF747174}.Release|ARM64.ActiveCfg = Release|Any CPU
		{075388AF-23FE-4C6E-A087-1B0DEF747174}.Release|ARM64.Build.0 = Release|Any CPU
		{075388AF-23FE-4C6E-A087-1B0DEF747174}.Release|x64.ActiveCfg = Release|Any CPU
		{075388AF-23FE-4C6E-A087-1B0DEF747174}.Release|x64.Build.0 = Release|Any CPU
		{075388AF-23FE-4C6E-A087-1B0DEF747174}.Release|x86.ActiveCfg = Release|Any CPU
		{075388AF-23FE-4C6E-A087-1B0DEF747174}.Release|x86.Build.0 = Release|Any CPU
		{88E0CE83-44A0-4A48-876E-BD8B5F9AA7BB}.Debug|Any CPU.ActiveCfg = Debug|Any CPU
		{88E0CE83-44A0-4A48-876E-BD8B5F9AA7BB}.Debug|Any CPU.Build.0 = Debug|Any CPU
		{88E0CE83-44A0-4A48-876E-BD8B5F9AA7BB}.Debug|ARM.ActiveCfg = Debug|Any CPU
		{88E0CE83-44A0-4A48-876E-BD8B5F9AA7BB}.Debug|ARM.Build.0 = Debug|Any CPU
		{88E0CE83-44A0-4A48-876E-BD8B5F9AA7BB}.Debug|ARM64.ActiveCfg = Debug|Any CPU
		{88E0CE83-44A0-4A48-876E-BD8B5F9AA7BB}.Debug|ARM64.Build.0 = Debug|Any CPU
		{88E0CE83-44A0-4A48-876E-BD8B5F9AA7BB}.Debug|x64.ActiveCfg = Debug|Any CPU
		{88E0CE83-44A0-4A48-876E-BD8B5F9AA7BB}.Debug|x64.Build.0 = Debug|Any CPU
		{88E0CE83-44A0-4A48-876E-BD8B5F9AA7BB}.Debug|x86.ActiveCfg = Debug|Any CPU
		{88E0CE83-44A0-4A48-876E-BD8B5F9AA7BB}.Debug|x86.Build.0 = Debug|Any CPU
		{88E0CE83-44A0-4A48-876E-BD8B5F9AA7BB}.Release|Any CPU.ActiveCfg = Release|Any CPU
		{88E0CE83-44A0-4A48-876E-BD8B5F9AA7BB}.Release|Any CPU.Build.0 = Release|Any CPU
		{88E0CE83-44A0-4A48-876E-BD8B5F9AA7BB}.Release|ARM.ActiveCfg = Release|Any CPU
		{88E0CE83-44A0-4A48-876E-BD8B5F9AA7BB}.Release|ARM.Build.0 = Release|Any CPU
		{88E0CE83-44A0-4A48-876E-BD8B5F9AA7BB}.Release|ARM64.ActiveCfg = Release|Any CPU
		{88E0CE83-44A0-4A48-876E-BD8B5F9AA7BB}.Release|ARM64.Build.0 = Release|Any CPU
		{88E0CE83-44A0-4A48-876E-BD8B5F9AA7BB}.Release|x64.ActiveCfg = Release|Any CPU
		{88E0CE83-44A0-4A48-876E-BD8B5F9AA7BB}.Release|x64.Build.0 = Release|Any CPU
		{88E0CE83-44A0-4A48-876E-BD8B5F9AA7BB}.Release|x86.ActiveCfg = Release|Any CPU
		{88E0CE83-44A0-4A48-876E-BD8B5F9AA7BB}.Release|x86.Build.0 = Release|Any CPU
		{3FD28C90-79B7-44DE-8920-1466FB8A54AF}.Debug|Any CPU.ActiveCfg = Debug|Any CPU
		{3FD28C90-79B7-44DE-8920-1466FB8A54AF}.Debug|Any CPU.Build.0 = Debug|Any CPU
		{3FD28C90-79B7-44DE-8920-1466FB8A54AF}.Debug|ARM.ActiveCfg = Debug|Any CPU
		{3FD28C90-79B7-44DE-8920-1466FB8A54AF}.Debug|ARM.Build.0 = Debug|Any CPU
		{3FD28C90-79B7-44DE-8920-1466FB8A54AF}.Debug|ARM64.ActiveCfg = Debug|Any CPU
		{3FD28C90-79B7-44DE-8920-1466FB8A54AF}.Debug|ARM64.Build.0 = Debug|Any CPU
		{3FD28C90-79B7-44DE-8920-1466FB8A54AF}.Debug|x64.ActiveCfg = Debug|Any CPU
		{3FD28C90-79B7-44DE-8920-1466FB8A54AF}.Debug|x64.Build.0 = Debug|Any CPU
		{3FD28C90-79B7-44DE-8920-1466FB8A54AF}.Debug|x86.ActiveCfg = Debug|Any CPU
		{3FD28C90-79B7-44DE-8920-1466FB8A54AF}.Debug|x86.Build.0 = Debug|Any CPU
		{3FD28C90-79B7-44DE-8920-1466FB8A54AF}.Release|Any CPU.ActiveCfg = Release|Any CPU
		{3FD28C90-79B7-44DE-8920-1466FB8A54AF}.Release|Any CPU.Build.0 = Release|Any CPU
		{3FD28C90-79B7-44DE-8920-1466FB8A54AF}.Release|ARM.ActiveCfg = Release|Any CPU
		{3FD28C90-79B7-44DE-8920-1466FB8A54AF}.Release|ARM.Build.0 = Release|Any CPU
		{3FD28C90-79B7-44DE-8920-1466FB8A54AF}.Release|ARM64.ActiveCfg = Release|Any CPU
		{3FD28C90-79B7-44DE-8920-1466FB8A54AF}.Release|ARM64.Build.0 = Release|Any CPU
		{3FD28C90-79B7-44DE-8920-1466FB8A54AF}.Release|x64.ActiveCfg = Release|Any CPU
		{3FD28C90-79B7-44DE-8920-1466FB8A54AF}.Release|x64.Build.0 = Release|Any CPU
		{3FD28C90-79B7-44DE-8920-1466FB8A54AF}.Release|x86.ActiveCfg = Release|Any CPU
		{3FD28C90-79B7-44DE-8920-1466FB8A54AF}.Release|x86.Build.0 = Release|Any CPU
		{16B302B5-401A-4712-B61F-29BB8A9D0B60}.Debug|Any CPU.ActiveCfg = Debug|Any CPU
		{16B302B5-401A-4712-B61F-29BB8A9D0B60}.Debug|Any CPU.Build.0 = Debug|Any CPU
		{16B302B5-401A-4712-B61F-29BB8A9D0B60}.Debug|ARM.ActiveCfg = Debug|Any CPU
		{16B302B5-401A-4712-B61F-29BB8A9D0B60}.Debug|ARM.Build.0 = Debug|Any CPU
		{16B302B5-401A-4712-B61F-29BB8A9D0B60}.Debug|ARM64.ActiveCfg = Debug|Any CPU
		{16B302B5-401A-4712-B61F-29BB8A9D0B60}.Debug|ARM64.Build.0 = Debug|Any CPU
		{16B302B5-401A-4712-B61F-29BB8A9D0B60}.Debug|x64.ActiveCfg = Debug|Any CPU
		{16B302B5-401A-4712-B61F-29BB8A9D0B60}.Debug|x64.Build.0 = Debug|Any CPU
		{16B302B5-401A-4712-B61F-29BB8A9D0B60}.Debug|x86.ActiveCfg = Debug|Any CPU
		{16B302B5-401A-4712-B61F-29BB8A9D0B60}.Debug|x86.Build.0 = Debug|Any CPU
		{16B302B5-401A-4712-B61F-29BB8A9D0B60}.Release|Any CPU.ActiveCfg = Release|Any CPU
		{16B302B5-401A-4712-B61F-29BB8A9D0B60}.Release|Any CPU.Build.0 = Release|Any CPU
		{16B302B5-401A-4712-B61F-29BB8A9D0B60}.Release|ARM.ActiveCfg = Release|Any CPU
		{16B302B5-401A-4712-B61F-29BB8A9D0B60}.Release|ARM.Build.0 = Release|Any CPU
		{16B302B5-401A-4712-B61F-29BB8A9D0B60}.Release|ARM64.ActiveCfg = Release|Any CPU
		{16B302B5-401A-4712-B61F-29BB8A9D0B60}.Release|ARM64.Build.0 = Release|Any CPU
		{16B302B5-401A-4712-B61F-29BB8A9D0B60}.Release|x64.ActiveCfg = Release|Any CPU
		{16B302B5-401A-4712-B61F-29BB8A9D0B60}.Release|x64.Build.0 = Release|Any CPU
		{16B302B5-401A-4712-B61F-29BB8A9D0B60}.Release|x86.ActiveCfg = Release|Any CPU
		{16B302B5-401A-4712-B61F-29BB8A9D0B60}.Release|x86.Build.0 = Release|Any CPU
		{D578D5B5-5650-4043-B937-A485E2808821}.Debug|Any CPU.ActiveCfg = Debug|Any CPU
		{D578D5B5-5650-4043-B937-A485E2808821}.Debug|Any CPU.Build.0 = Debug|Any CPU
		{D578D5B5-5650-4043-B937-A485E2808821}.Debug|ARM.ActiveCfg = Debug|Any CPU
		{D578D5B5-5650-4043-B937-A485E2808821}.Debug|ARM.Build.0 = Debug|Any CPU
		{D578D5B5-5650-4043-B937-A485E2808821}.Debug|ARM64.ActiveCfg = Debug|Any CPU
		{D578D5B5-5650-4043-B937-A485E2808821}.Debug|ARM64.Build.0 = Debug|Any CPU
		{D578D5B5-5650-4043-B937-A485E2808821}.Debug|x64.ActiveCfg = Debug|Any CPU
		{D578D5B5-5650-4043-B937-A485E2808821}.Debug|x64.Build.0 = Debug|Any CPU
		{D578D5B5-5650-4043-B937-A485E2808821}.Debug|x86.ActiveCfg = Debug|Any CPU
		{D578D5B5-5650-4043-B937-A485E2808821}.Debug|x86.Build.0 = Debug|Any CPU
		{D578D5B5-5650-4043-B937-A485E2808821}.Release|Any CPU.ActiveCfg = Release|Any CPU
		{D578D5B5-5650-4043-B937-A485E2808821}.Release|Any CPU.Build.0 = Release|Any CPU
		{D578D5B5-5650-4043-B937-A485E2808821}.Release|ARM.ActiveCfg = Release|Any CPU
		{D578D5B5-5650-4043-B937-A485E2808821}.Release|ARM.Build.0 = Release|Any CPU
		{D578D5B5-5650-4043-B937-A485E2808821}.Release|ARM64.ActiveCfg = Release|Any CPU
		{D578D5B5-5650-4043-B937-A485E2808821}.Release|ARM64.Build.0 = Release|Any CPU
		{D578D5B5-5650-4043-B937-A485E2808821}.Release|x64.ActiveCfg = Release|Any CPU
		{D578D5B5-5650-4043-B937-A485E2808821}.Release|x64.Build.0 = Release|Any CPU
		{D578D5B5-5650-4043-B937-A485E2808821}.Release|x86.ActiveCfg = Release|Any CPU
		{D578D5B5-5650-4043-B937-A485E2808821}.Release|x86.Build.0 = Release|Any CPU
		{F6B4A053-A4C5-44EA-AB12-8A3C941D25BA}.Debug|Any CPU.ActiveCfg = Debug|Any CPU
		{F6B4A053-A4C5-44EA-AB12-8A3C941D25BA}.Debug|Any CPU.Build.0 = Debug|Any CPU
		{F6B4A053-A4C5-44EA-AB12-8A3C941D25BA}.Debug|ARM.ActiveCfg = Debug|Any CPU
		{F6B4A053-A4C5-44EA-AB12-8A3C941D25BA}.Debug|ARM.Build.0 = Debug|Any CPU
		{F6B4A053-A4C5-44EA-AB12-8A3C941D25BA}.Debug|ARM64.ActiveCfg = Debug|Any CPU
		{F6B4A053-A4C5-44EA-AB12-8A3C941D25BA}.Debug|ARM64.Build.0 = Debug|Any CPU
		{F6B4A053-A4C5-44EA-AB12-8A3C941D25BA}.Debug|x64.ActiveCfg = Debug|Any CPU
		{F6B4A053-A4C5-44EA-AB12-8A3C941D25BA}.Debug|x64.Build.0 = Debug|Any CPU
		{F6B4A053-A4C5-44EA-AB12-8A3C941D25BA}.Debug|x86.ActiveCfg = Debug|Any CPU
		{F6B4A053-A4C5-44EA-AB12-8A3C941D25BA}.Debug|x86.Build.0 = Debug|Any CPU
		{F6B4A053-A4C5-44EA-AB12-8A3C941D25BA}.Release|Any CPU.ActiveCfg = Release|Any CPU
		{F6B4A053-A4C5-44EA-AB12-8A3C941D25BA}.Release|Any CPU.Build.0 = Release|Any CPU
		{F6B4A053-A4C5-44EA-AB12-8A3C941D25BA}.Release|ARM.ActiveCfg = Release|Any CPU
		{F6B4A053-A4C5-44EA-AB12-8A3C941D25BA}.Release|ARM.Build.0 = Release|Any CPU
		{F6B4A053-A4C5-44EA-AB12-8A3C941D25BA}.Release|ARM64.ActiveCfg = Release|Any CPU
		{F6B4A053-A4C5-44EA-AB12-8A3C941D25BA}.Release|ARM64.Build.0 = Release|Any CPU
		{F6B4A053-A4C5-44EA-AB12-8A3C941D25BA}.Release|x64.ActiveCfg = Release|Any CPU
		{F6B4A053-A4C5-44EA-AB12-8A3C941D25BA}.Release|x64.Build.0 = Release|Any CPU
		{F6B4A053-A4C5-44EA-AB12-8A3C941D25BA}.Release|x86.ActiveCfg = Release|Any CPU
		{F6B4A053-A4C5-44EA-AB12-8A3C941D25BA}.Release|x86.Build.0 = Release|Any CPU
		{F9BA0773-8BAB-4C45-AF93-EA3E7F6BE92E}.Debug|Any CPU.ActiveCfg = Debug|Any CPU
		{F9BA0773-8BAB-4C45-AF93-EA3E7F6BE92E}.Debug|Any CPU.Build.0 = Debug|Any CPU
		{F9BA0773-8BAB-4C45-AF93-EA3E7F6BE92E}.Debug|ARM.ActiveCfg = Debug|Any CPU
		{F9BA0773-8BAB-4C45-AF93-EA3E7F6BE92E}.Debug|ARM.Build.0 = Debug|Any CPU
		{F9BA0773-8BAB-4C45-AF93-EA3E7F6BE92E}.Debug|ARM64.ActiveCfg = Debug|Any CPU
		{F9BA0773-8BAB-4C45-AF93-EA3E7F6BE92E}.Debug|ARM64.Build.0 = Debug|Any CPU
		{F9BA0773-8BAB-4C45-AF93-EA3E7F6BE92E}.Debug|x64.ActiveCfg = Debug|Any CPU
		{F9BA0773-8BAB-4C45-AF93-EA3E7F6BE92E}.Debug|x64.Build.0 = Debug|Any CPU
		{F9BA0773-8BAB-4C45-AF93-EA3E7F6BE92E}.Debug|x86.ActiveCfg = Debug|Any CPU
		{F9BA0773-8BAB-4C45-AF93-EA3E7F6BE92E}.Debug|x86.Build.0 = Debug|Any CPU
		{F9BA0773-8BAB-4C45-AF93-EA3E7F6BE92E}.Release|Any CPU.ActiveCfg = Release|Any CPU
		{F9BA0773-8BAB-4C45-AF93-EA3E7F6BE92E}.Release|Any CPU.Build.0 = Release|Any CPU
		{F9BA0773-8BAB-4C45-AF93-EA3E7F6BE92E}.Release|ARM.ActiveCfg = Release|Any CPU
		{F9BA0773-8BAB-4C45-AF93-EA3E7F6BE92E}.Release|ARM.Build.0 = Release|Any CPU
		{F9BA0773-8BAB-4C45-AF93-EA3E7F6BE92E}.Release|ARM64.ActiveCfg = Release|Any CPU
		{F9BA0773-8BAB-4C45-AF93-EA3E7F6BE92E}.Release|ARM64.Build.0 = Release|Any CPU
		{F9BA0773-8BAB-4C45-AF93-EA3E7F6BE92E}.Release|x64.ActiveCfg = Release|Any CPU
		{F9BA0773-8BAB-4C45-AF93-EA3E7F6BE92E}.Release|x64.Build.0 = Release|Any CPU
		{F9BA0773-8BAB-4C45-AF93-EA3E7F6BE92E}.Release|x86.ActiveCfg = Release|Any CPU
		{F9BA0773-8BAB-4C45-AF93-EA3E7F6BE92E}.Release|x86.Build.0 = Release|Any CPU
		{101F0701-519E-4527-BC67-D8D15F2928B1}.Debug|Any CPU.ActiveCfg = Debug|Any CPU
		{101F0701-519E-4527-BC67-D8D15F2928B1}.Debug|Any CPU.Build.0 = Debug|Any CPU
		{101F0701-519E-4527-BC67-D8D15F2928B1}.Debug|ARM.ActiveCfg = Debug|Any CPU
		{101F0701-519E-4527-BC67-D8D15F2928B1}.Debug|ARM.Build.0 = Debug|Any CPU
		{101F0701-519E-4527-BC67-D8D15F2928B1}.Debug|ARM64.ActiveCfg = Debug|Any CPU
		{101F0701-519E-4527-BC67-D8D15F2928B1}.Debug|ARM64.Build.0 = Debug|Any CPU
		{101F0701-519E-4527-BC67-D8D15F2928B1}.Debug|x64.ActiveCfg = Debug|Any CPU
		{101F0701-519E-4527-BC67-D8D15F2928B1}.Debug|x64.Build.0 = Debug|Any CPU
		{101F0701-519E-4527-BC67-D8D15F2928B1}.Debug|x86.ActiveCfg = Debug|Any CPU
		{101F0701-519E-4527-BC67-D8D15F2928B1}.Debug|x86.Build.0 = Debug|Any CPU
		{101F0701-519E-4527-BC67-D8D15F2928B1}.Release|Any CPU.ActiveCfg = Release|Any CPU
		{101F0701-519E-4527-BC67-D8D15F2928B1}.Release|Any CPU.Build.0 = Release|Any CPU
		{101F0701-519E-4527-BC67-D8D15F2928B1}.Release|ARM.ActiveCfg = Release|Any CPU
		{101F0701-519E-4527-BC67-D8D15F2928B1}.Release|ARM.Build.0 = Release|Any CPU
		{101F0701-519E-4527-BC67-D8D15F2928B1}.Release|ARM64.ActiveCfg = Release|Any CPU
		{101F0701-519E-4527-BC67-D8D15F2928B1}.Release|ARM64.Build.0 = Release|Any CPU
		{101F0701-519E-4527-BC67-D8D15F2928B1}.Release|x64.ActiveCfg = Release|Any CPU
		{101F0701-519E-4527-BC67-D8D15F2928B1}.Release|x64.Build.0 = Release|Any CPU
		{101F0701-519E-4527-BC67-D8D15F2928B1}.Release|x86.ActiveCfg = Release|Any CPU
		{101F0701-519E-4527-BC67-D8D15F2928B1}.Release|x86.Build.0 = Release|Any CPU
		{54897718-8ABF-463C-88F3-9C15764BFDFB}.Debug|Any CPU.ActiveCfg = Debug|Any CPU
		{54897718-8ABF-463C-88F3-9C15764BFDFB}.Debug|Any CPU.Build.0 = Debug|Any CPU
		{54897718-8ABF-463C-88F3-9C15764BFDFB}.Debug|Any CPU.Deploy.0 = Debug|Any CPU
		{54897718-8ABF-463C-88F3-9C15764BFDFB}.Debug|ARM.ActiveCfg = Debug|Any CPU
		{54897718-8ABF-463C-88F3-9C15764BFDFB}.Debug|ARM.Build.0 = Debug|Any CPU
		{54897718-8ABF-463C-88F3-9C15764BFDFB}.Debug|ARM.Deploy.0 = Debug|Any CPU
		{54897718-8ABF-463C-88F3-9C15764BFDFB}.Debug|ARM64.ActiveCfg = Debug|Any CPU
		{54897718-8ABF-463C-88F3-9C15764BFDFB}.Debug|ARM64.Build.0 = Debug|Any CPU
		{54897718-8ABF-463C-88F3-9C15764BFDFB}.Debug|ARM64.Deploy.0 = Debug|Any CPU
		{54897718-8ABF-463C-88F3-9C15764BFDFB}.Debug|x64.ActiveCfg = Debug|Any CPU
		{54897718-8ABF-463C-88F3-9C15764BFDFB}.Debug|x64.Build.0 = Debug|Any CPU
		{54897718-8ABF-463C-88F3-9C15764BFDFB}.Debug|x64.Deploy.0 = Debug|Any CPU
		{54897718-8ABF-463C-88F3-9C15764BFDFB}.Debug|x86.ActiveCfg = Debug|Any CPU
		{54897718-8ABF-463C-88F3-9C15764BFDFB}.Debug|x86.Build.0 = Debug|Any CPU
		{54897718-8ABF-463C-88F3-9C15764BFDFB}.Debug|x86.Deploy.0 = Debug|Any CPU
		{54897718-8ABF-463C-88F3-9C15764BFDFB}.Release|Any CPU.ActiveCfg = Release|Any CPU
		{54897718-8ABF-463C-88F3-9C15764BFDFB}.Release|Any CPU.Build.0 = Release|Any CPU
		{54897718-8ABF-463C-88F3-9C15764BFDFB}.Release|Any CPU.Deploy.0 = Release|Any CPU
		{54897718-8ABF-463C-88F3-9C15764BFDFB}.Release|ARM.ActiveCfg = Release|Any CPU
		{54897718-8ABF-463C-88F3-9C15764BFDFB}.Release|ARM.Build.0 = Release|Any CPU
		{54897718-8ABF-463C-88F3-9C15764BFDFB}.Release|ARM.Deploy.0 = Release|Any CPU
		{54897718-8ABF-463C-88F3-9C15764BFDFB}.Release|ARM64.ActiveCfg = Release|Any CPU
		{54897718-8ABF-463C-88F3-9C15764BFDFB}.Release|ARM64.Build.0 = Release|Any CPU
		{54897718-8ABF-463C-88F3-9C15764BFDFB}.Release|ARM64.Deploy.0 = Release|Any CPU
		{54897718-8ABF-463C-88F3-9C15764BFDFB}.Release|x64.ActiveCfg = Release|Any CPU
		{54897718-8ABF-463C-88F3-9C15764BFDFB}.Release|x64.Build.0 = Release|Any CPU
		{54897718-8ABF-463C-88F3-9C15764BFDFB}.Release|x64.Deploy.0 = Release|Any CPU
		{54897718-8ABF-463C-88F3-9C15764BFDFB}.Release|x86.ActiveCfg = Release|Any CPU
		{54897718-8ABF-463C-88F3-9C15764BFDFB}.Release|x86.Build.0 = Release|Any CPU
		{54897718-8ABF-463C-88F3-9C15764BFDFB}.Release|x86.Deploy.0 = Release|Any CPU
		{38FF97C9-0192-4D6A-8E8F-1EAA05C97233}.Debug|Any CPU.ActiveCfg = Debug|Any CPU
		{38FF97C9-0192-4D6A-8E8F-1EAA05C97233}.Debug|Any CPU.Build.0 = Debug|Any CPU
		{38FF97C9-0192-4D6A-8E8F-1EAA05C97233}.Debug|ARM.ActiveCfg = Debug|Any CPU
		{38FF97C9-0192-4D6A-8E8F-1EAA05C97233}.Debug|ARM.Build.0 = Debug|Any CPU
		{38FF97C9-0192-4D6A-8E8F-1EAA05C97233}.Debug|ARM64.ActiveCfg = Debug|Any CPU
		{38FF97C9-0192-4D6A-8E8F-1EAA05C97233}.Debug|ARM64.Build.0 = Debug|Any CPU
		{38FF97C9-0192-4D6A-8E8F-1EAA05C97233}.Debug|x64.ActiveCfg = Debug|Any CPU
		{38FF97C9-0192-4D6A-8E8F-1EAA05C97233}.Debug|x64.Build.0 = Debug|Any CPU
		{38FF97C9-0192-4D6A-8E8F-1EAA05C97233}.Debug|x86.ActiveCfg = Debug|Any CPU
		{38FF97C9-0192-4D6A-8E8F-1EAA05C97233}.Debug|x86.Build.0 = Debug|Any CPU
		{38FF97C9-0192-4D6A-8E8F-1EAA05C97233}.Release|Any CPU.ActiveCfg = Release|Any CPU
		{38FF97C9-0192-4D6A-8E8F-1EAA05C97233}.Release|Any CPU.Build.0 = Release|Any CPU
		{38FF97C9-0192-4D6A-8E8F-1EAA05C97233}.Release|ARM.ActiveCfg = Release|Any CPU
		{38FF97C9-0192-4D6A-8E8F-1EAA05C97233}.Release|ARM.Build.0 = Release|Any CPU
		{38FF97C9-0192-4D6A-8E8F-1EAA05C97233}.Release|ARM64.ActiveCfg = Release|Any CPU
		{38FF97C9-0192-4D6A-8E8F-1EAA05C97233}.Release|ARM64.Build.0 = Release|Any CPU
		{38FF97C9-0192-4D6A-8E8F-1EAA05C97233}.Release|x64.ActiveCfg = Release|Any CPU
		{38FF97C9-0192-4D6A-8E8F-1EAA05C97233}.Release|x64.Build.0 = Release|Any CPU
		{38FF97C9-0192-4D6A-8E8F-1EAA05C97233}.Release|x86.ActiveCfg = Release|Any CPU
		{38FF97C9-0192-4D6A-8E8F-1EAA05C97233}.Release|x86.Build.0 = Release|Any CPU
		{7BB8345D-1606-4A3C-87F0-BD46011D0757}.Debug|Any CPU.ActiveCfg = Debug|x64
		{7BB8345D-1606-4A3C-87F0-BD46011D0757}.Debug|Any CPU.Build.0 = Debug|x64
		{7BB8345D-1606-4A3C-87F0-BD46011D0757}.Debug|Any CPU.Deploy.0 = Debug|x64
		{7BB8345D-1606-4A3C-87F0-BD46011D0757}.Debug|ARM.ActiveCfg = Debug|ARM
		{7BB8345D-1606-4A3C-87F0-BD46011D0757}.Debug|ARM.Build.0 = Debug|ARM
		{7BB8345D-1606-4A3C-87F0-BD46011D0757}.Debug|ARM.Deploy.0 = Debug|ARM
		{7BB8345D-1606-4A3C-87F0-BD46011D0757}.Debug|ARM64.ActiveCfg = Debug|ARM64
		{7BB8345D-1606-4A3C-87F0-BD46011D0757}.Debug|ARM64.Build.0 = Debug|ARM64
		{7BB8345D-1606-4A3C-87F0-BD46011D0757}.Debug|ARM64.Deploy.0 = Debug|ARM64
		{7BB8345D-1606-4A3C-87F0-BD46011D0757}.Debug|x64.ActiveCfg = Debug|x64
		{7BB8345D-1606-4A3C-87F0-BD46011D0757}.Debug|x64.Build.0 = Debug|x64
		{7BB8345D-1606-4A3C-87F0-BD46011D0757}.Debug|x64.Deploy.0 = Debug|x64
		{7BB8345D-1606-4A3C-87F0-BD46011D0757}.Debug|x86.ActiveCfg = Debug|x86
		{7BB8345D-1606-4A3C-87F0-BD46011D0757}.Debug|x86.Build.0 = Debug|x86
		{7BB8345D-1606-4A3C-87F0-BD46011D0757}.Debug|x86.Deploy.0 = Debug|x86
		{7BB8345D-1606-4A3C-87F0-BD46011D0757}.Release|Any CPU.ActiveCfg = Release|x64
		{7BB8345D-1606-4A3C-87F0-BD46011D0757}.Release|Any CPU.Build.0 = Release|x64
		{7BB8345D-1606-4A3C-87F0-BD46011D0757}.Release|Any CPU.Deploy.0 = Release|x64
		{7BB8345D-1606-4A3C-87F0-BD46011D0757}.Release|ARM.ActiveCfg = Release|ARM
		{7BB8345D-1606-4A3C-87F0-BD46011D0757}.Release|ARM.Build.0 = Release|ARM
		{7BB8345D-1606-4A3C-87F0-BD46011D0757}.Release|ARM.Deploy.0 = Release|ARM
		{7BB8345D-1606-4A3C-87F0-BD46011D0757}.Release|ARM64.ActiveCfg = Release|ARM64
		{7BB8345D-1606-4A3C-87F0-BD46011D0757}.Release|ARM64.Build.0 = Release|ARM64
		{7BB8345D-1606-4A3C-87F0-BD46011D0757}.Release|ARM64.Deploy.0 = Release|ARM64
		{7BB8345D-1606-4A3C-87F0-BD46011D0757}.Release|x64.ActiveCfg = Release|x64
		{7BB8345D-1606-4A3C-87F0-BD46011D0757}.Release|x64.Build.0 = Release|x64
		{7BB8345D-1606-4A3C-87F0-BD46011D0757}.Release|x64.Deploy.0 = Release|x64
		{7BB8345D-1606-4A3C-87F0-BD46011D0757}.Release|x86.ActiveCfg = Release|x86
		{7BB8345D-1606-4A3C-87F0-BD46011D0757}.Release|x86.Build.0 = Release|x86
		{7BB8345D-1606-4A3C-87F0-BD46011D0757}.Release|x86.Deploy.0 = Release|x86
		{E96BC786-9248-4E3C-8163-FCB16467842F}.Debug|Any CPU.ActiveCfg = Debug|Any CPU
		{E96BC786-9248-4E3C-8163-FCB16467842F}.Debug|Any CPU.Build.0 = Debug|Any CPU
		{E96BC786-9248-4E3C-8163-FCB16467842F}.Debug|ARM.ActiveCfg = Debug|ARM
		{E96BC786-9248-4E3C-8163-FCB16467842F}.Debug|ARM.Build.0 = Debug|ARM
		{E96BC786-9248-4E3C-8163-FCB16467842F}.Debug|ARM64.ActiveCfg = Debug|ARM64
		{E96BC786-9248-4E3C-8163-FCB16467842F}.Debug|ARM64.Build.0 = Debug|ARM64
		{E96BC786-9248-4E3C-8163-FCB16467842F}.Debug|x64.ActiveCfg = Debug|x64
		{E96BC786-9248-4E3C-8163-FCB16467842F}.Debug|x64.Build.0 = Debug|x64
		{E96BC786-9248-4E3C-8163-FCB16467842F}.Debug|x86.ActiveCfg = Debug|x86
		{E96BC786-9248-4E3C-8163-FCB16467842F}.Debug|x86.Build.0 = Debug|x86
		{E96BC786-9248-4E3C-8163-FCB16467842F}.Release|Any CPU.ActiveCfg = Release|Any CPU
		{E96BC786-9248-4E3C-8163-FCB16467842F}.Release|Any CPU.Build.0 = Release|Any CPU
		{E96BC786-9248-4E3C-8163-FCB16467842F}.Release|ARM.ActiveCfg = Release|ARM
		{E96BC786-9248-4E3C-8163-FCB16467842F}.Release|ARM.Build.0 = Release|ARM
		{E96BC786-9248-4E3C-8163-FCB16467842F}.Release|ARM64.ActiveCfg = Release|ARM64
		{E96BC786-9248-4E3C-8163-FCB16467842F}.Release|ARM64.Build.0 = Release|ARM64
		{E96BC786-9248-4E3C-8163-FCB16467842F}.Release|x64.ActiveCfg = Release|x64
		{E96BC786-9248-4E3C-8163-FCB16467842F}.Release|x64.Build.0 = Release|x64
		{E96BC786-9248-4E3C-8163-FCB16467842F}.Release|x86.ActiveCfg = Release|x86
		{E96BC786-9248-4E3C-8163-FCB16467842F}.Release|x86.Build.0 = Release|x86
		{6CBE9340-A8B7-4B65-879C-B00DDD843921}.Debug|Any CPU.ActiveCfg = Debug|Any CPU
		{6CBE9340-A8B7-4B65-879C-B00DDD843921}.Debug|Any CPU.Build.0 = Debug|Any CPU
		{6CBE9340-A8B7-4B65-879C-B00DDD843921}.Debug|ARM.ActiveCfg = Debug|Any CPU
		{6CBE9340-A8B7-4B65-879C-B00DDD843921}.Debug|ARM.Build.0 = Debug|Any CPU
		{6CBE9340-A8B7-4B65-879C-B00DDD843921}.Debug|ARM64.ActiveCfg = Debug|Any CPU
		{6CBE9340-A8B7-4B65-879C-B00DDD843921}.Debug|ARM64.Build.0 = Debug|Any CPU
		{6CBE9340-A8B7-4B65-879C-B00DDD843921}.Debug|x64.ActiveCfg = Debug|Any CPU
		{6CBE9340-A8B7-4B65-879C-B00DDD843921}.Debug|x64.Build.0 = Debug|Any CPU
		{6CBE9340-A8B7-4B65-879C-B00DDD843921}.Debug|x86.ActiveCfg = Debug|Any CPU
		{6CBE9340-A8B7-4B65-879C-B00DDD843921}.Debug|x86.Build.0 = Debug|Any CPU
		{6CBE9340-A8B7-4B65-879C-B00DDD843921}.Release|Any CPU.ActiveCfg = Release|Any CPU
		{6CBE9340-A8B7-4B65-879C-B00DDD843921}.Release|Any CPU.Build.0 = Release|Any CPU
		{6CBE9340-A8B7-4B65-879C-B00DDD843921}.Release|ARM.ActiveCfg = Release|Any CPU
		{6CBE9340-A8B7-4B65-879C-B00DDD843921}.Release|ARM.Build.0 = Release|Any CPU
		{6CBE9340-A8B7-4B65-879C-B00DDD843921}.Release|ARM64.ActiveCfg = Release|Any CPU
		{6CBE9340-A8B7-4B65-879C-B00DDD843921}.Release|ARM64.Build.0 = Release|Any CPU
		{6CBE9340-A8B7-4B65-879C-B00DDD843921}.Release|x64.ActiveCfg = Release|Any CPU
		{6CBE9340-A8B7-4B65-879C-B00DDD843921}.Release|x64.Build.0 = Release|Any CPU
		{6CBE9340-A8B7-4B65-879C-B00DDD843921}.Release|x86.ActiveCfg = Release|Any CPU
		{6CBE9340-A8B7-4B65-879C-B00DDD843921}.Release|x86.Build.0 = Release|Any CPU
		{B64632B9-AB7F-4D4E-A192-8FEE90065F20}.Debug|Any CPU.ActiveCfg = Debug|Any CPU
		{B64632B9-AB7F-4D4E-A192-8FEE90065F20}.Debug|Any CPU.Build.0 = Debug|Any CPU
		{B64632B9-AB7F-4D4E-A192-8FEE90065F20}.Debug|ARM.ActiveCfg = Debug|Any CPU
		{B64632B9-AB7F-4D4E-A192-8FEE90065F20}.Debug|ARM.Build.0 = Debug|Any CPU
		{B64632B9-AB7F-4D4E-A192-8FEE90065F20}.Debug|ARM64.ActiveCfg = Debug|Any CPU
		{B64632B9-AB7F-4D4E-A192-8FEE90065F20}.Debug|ARM64.Build.0 = Debug|Any CPU
		{B64632B9-AB7F-4D4E-A192-8FEE90065F20}.Debug|x64.ActiveCfg = Debug|Any CPU
		{B64632B9-AB7F-4D4E-A192-8FEE90065F20}.Debug|x64.Build.0 = Debug|Any CPU
		{B64632B9-AB7F-4D4E-A192-8FEE90065F20}.Debug|x86.ActiveCfg = Debug|Any CPU
		{B64632B9-AB7F-4D4E-A192-8FEE90065F20}.Debug|x86.Build.0 = Debug|Any CPU
		{B64632B9-AB7F-4D4E-A192-8FEE90065F20}.Release|Any CPU.ActiveCfg = Release|Any CPU
		{B64632B9-AB7F-4D4E-A192-8FEE90065F20}.Release|Any CPU.Build.0 = Release|Any CPU
		{B64632B9-AB7F-4D4E-A192-8FEE90065F20}.Release|ARM.ActiveCfg = Release|Any CPU
		{B64632B9-AB7F-4D4E-A192-8FEE90065F20}.Release|ARM.Build.0 = Release|Any CPU
		{B64632B9-AB7F-4D4E-A192-8FEE90065F20}.Release|ARM64.ActiveCfg = Release|Any CPU
		{B64632B9-AB7F-4D4E-A192-8FEE90065F20}.Release|ARM64.Build.0 = Release|Any CPU
		{B64632B9-AB7F-4D4E-A192-8FEE90065F20}.Release|x64.ActiveCfg = Release|Any CPU
		{B64632B9-AB7F-4D4E-A192-8FEE90065F20}.Release|x64.Build.0 = Release|Any CPU
		{B64632B9-AB7F-4D4E-A192-8FEE90065F20}.Release|x86.ActiveCfg = Release|Any CPU
		{B64632B9-AB7F-4D4E-A192-8FEE90065F20}.Release|x86.Build.0 = Release|Any CPU
		{B233A9E2-B990-489F-A0F6-62A224A3CBF6}.Debug|Any CPU.ActiveCfg = Debug|Any CPU
		{B233A9E2-B990-489F-A0F6-62A224A3CBF6}.Debug|Any CPU.Build.0 = Debug|Any CPU
		{B233A9E2-B990-489F-A0F6-62A224A3CBF6}.Debug|ARM.ActiveCfg = Debug|Any CPU
		{B233A9E2-B990-489F-A0F6-62A224A3CBF6}.Debug|ARM.Build.0 = Debug|Any CPU
		{B233A9E2-B990-489F-A0F6-62A224A3CBF6}.Debug|ARM64.ActiveCfg = Debug|Any CPU
		{B233A9E2-B990-489F-A0F6-62A224A3CBF6}.Debug|ARM64.Build.0 = Debug|Any CPU
		{B233A9E2-B990-489F-A0F6-62A224A3CBF6}.Debug|x64.ActiveCfg = Debug|Any CPU
		{B233A9E2-B990-489F-A0F6-62A224A3CBF6}.Debug|x64.Build.0 = Debug|Any CPU
		{B233A9E2-B990-489F-A0F6-62A224A3CBF6}.Debug|x86.ActiveCfg = Debug|Any CPU
		{B233A9E2-B990-489F-A0F6-62A224A3CBF6}.Debug|x86.Build.0 = Debug|Any CPU
		{B233A9E2-B990-489F-A0F6-62A224A3CBF6}.Release|Any CPU.ActiveCfg = Release|Any CPU
		{B233A9E2-B990-489F-A0F6-62A224A3CBF6}.Release|Any CPU.Build.0 = Release|Any CPU
		{B233A9E2-B990-489F-A0F6-62A224A3CBF6}.Release|ARM.ActiveCfg = Release|Any CPU
		{B233A9E2-B990-489F-A0F6-62A224A3CBF6}.Release|ARM.Build.0 = Release|Any CPU
		{B233A9E2-B990-489F-A0F6-62A224A3CBF6}.Release|ARM64.ActiveCfg = Release|Any CPU
		{B233A9E2-B990-489F-A0F6-62A224A3CBF6}.Release|ARM64.Build.0 = Release|Any CPU
		{B233A9E2-B990-489F-A0F6-62A224A3CBF6}.Release|x64.ActiveCfg = Release|Any CPU
		{B233A9E2-B990-489F-A0F6-62A224A3CBF6}.Release|x64.Build.0 = Release|Any CPU
		{B233A9E2-B990-489F-A0F6-62A224A3CBF6}.Release|x86.ActiveCfg = Release|Any CPU
		{B233A9E2-B990-489F-A0F6-62A224A3CBF6}.Release|x86.Build.0 = Release|Any CPU
	EndGlobalSection
	GlobalSection(SolutionProperties) = preSolution
		HideSolutionNode = FALSE
	EndGlobalSection
	GlobalSection(NestedProjects) = preSolution
		{EB712511-58F6-477C-AA9F-8A32198CA292} = {8611685C-DAD7-4CA9-8301-91A6F051C37F}
		{9875FB96-5A89-46E7-A48A-4BD11A88159E} = {8611685C-DAD7-4CA9-8301-91A6F051C37F}
		{16B302B5-401A-4712-B61F-29BB8A9D0B60} = {8611685C-DAD7-4CA9-8301-91A6F051C37F}
	EndGlobalSection
	GlobalSection(ExtensibilityGlobals) = postSolution
		SolutionGuid = {2FF17C2D-D84C-48F5-A720-4B3662769626}
	EndGlobalSection
EndGlobal
